
Microsoft Visual Studio Solution File, Format Version 12.00
# Visual Studio 14
VisualStudioVersion = 14.0.25420.1
MinimumVisualStudioVersion = 10.0.40219.1
Project("{FAE04EC0-301F-11D3-BF4B-00C04F79EFBC}") = "Reports_IICs", "Reports_IICs\Reports_IICs.csproj", "{9D94B1A9-A792-4BD5-BB8B-E7339710D2BC}"
EndProject
Project("{54435603-DBB4-11D2-8724-00A0C9A8B90C}") = "Reports_IICS_Setup", "Reports_IICS_Setup\Reports_IICS_Setup.vdproj", "{56B224EF-949F-42F4-B2D3-28884EED3095}"
EndProject
Project("{FAE04EC0-301F-11D3-BF4B-00C04F79EFBC}") = "Core.EntityFramework", "Core\Core.EntityFramework\Core.EntityFramework.csproj", "{557DB10F-6907-4B0A-876F-AB94785B5A21}"
EndProject
Project("{FAE04EC0-301F-11D3-BF4B-00C04F79EFBC}") = "Core.Framework", "Core\Core.Framework\Core.Framework.csproj", "{6457B227-1116-4B81-AC8E-42354F884DFF}"
EndProject
Global
	GlobalSection(SolutionConfigurationPlatforms) = preSolution
		CD_ROM|Any CPU = CD_ROM|Any CPU
		CD_ROM|x86 = CD_ROM|x86
		Debug|Any CPU = Debug|Any CPU
		Debug|x86 = Debug|x86
		DVD-5|Any CPU = DVD-5|Any CPU
		DVD-5|x86 = DVD-5|x86
		Release|Any CPU = Release|Any CPU
		Release|x86 = Release|x86
		SingleImage|Any CPU = SingleImage|Any CPU
		SingleImage|x86 = SingleImage|x86
	EndGlobalSection
	GlobalSection(ProjectConfigurationPlatforms) = postSolution
		{9D94B1A9-A792-4BD5-BB8B-E7339710D2BC}.CD_ROM|Any CPU.ActiveCfg = Release|Any CPU
		{9D94B1A9-A792-4BD5-BB8B-E7339710D2BC}.CD_ROM|Any CPU.Build.0 = Release|Any CPU
		{9D94B1A9-A792-4BD5-BB8B-E7339710D2BC}.CD_ROM|x86.ActiveCfg = Release|Any CPU
		{9D94B1A9-A792-4BD5-BB8B-E7339710D2BC}.CD_ROM|x86.Build.0 = Release|Any CPU
		{9D94B1A9-A792-4BD5-BB8B-E7339710D2BC}.Debug|Any CPU.ActiveCfg = Debug|Any CPU
		{9D94B1A9-A792-4BD5-BB8B-E7339710D2BC}.Debug|Any CPU.Build.0 = Debug|Any CPU
		{9D94B1A9-A792-4BD5-BB8B-E7339710D2BC}.Debug|x86.ActiveCfg = Debug|Any CPU
		{9D94B1A9-A792-4BD5-BB8B-E7339710D2BC}.Debug|x86.Build.0 = Debug|Any CPU
		{9D94B1A9-A792-4BD5-BB8B-E7339710D2BC}.DVD-5|Any CPU.ActiveCfg = Debug|Any CPU
		{9D94B1A9-A792-4BD5-BB8B-E7339710D2BC}.DVD-5|Any CPU.Build.0 = Debug|Any CPU
		{9D94B1A9-A792-4BD5-BB8B-E7339710D2BC}.DVD-5|x86.ActiveCfg = Debug|Any CPU
		{9D94B1A9-A792-4BD5-BB8B-E7339710D2BC}.DVD-5|x86.Build.0 = Debug|Any CPU
		{9D94B1A9-A792-4BD5-BB8B-E7339710D2BC}.Release|Any CPU.ActiveCfg = Release|Any CPU
		{9D94B1A9-A792-4BD5-BB8B-E7339710D2BC}.Release|Any CPU.Build.0 = Release|Any CPU
		{9D94B1A9-A792-4BD5-BB8B-E7339710D2BC}.Release|Any CPU.Deploy.0 = Release|Any CPU
		{9D94B1A9-A792-4BD5-BB8B-E7339710D2BC}.Release|x86.ActiveCfg = Release|Any CPU
		{9D94B1A9-A792-4BD5-BB8B-E7339710D2BC}.Release|x86.Build.0 = Release|Any CPU
		{9D94B1A9-A792-4BD5-BB8B-E7339710D2BC}.SingleImage|Any CPU.ActiveCfg = Release|Any CPU
		{9D94B1A9-A792-4BD5-BB8B-E7339710D2BC}.SingleImage|Any CPU.Build.0 = Release|Any CPU
		{9D94B1A9-A792-4BD5-BB8B-E7339710D2BC}.SingleImage|x86.ActiveCfg = Release|Any CPU
		{9D94B1A9-A792-4BD5-BB8B-E7339710D2BC}.SingleImage|x86.Build.0 = Release|Any CPU
		{56B224EF-949F-42F4-B2D3-28884EED3095}.CD_ROM|Any CPU.ActiveCfg = Release
		{56B224EF-949F-42F4-B2D3-28884EED3095}.CD_ROM|Any CPU.Build.0 = Release
		{56B224EF-949F-42F4-B2D3-28884EED3095}.CD_ROM|x86.ActiveCfg = Release
		{56B224EF-949F-42F4-B2D3-28884EED3095}.CD_ROM|x86.Build.0 = Release
		{56B224EF-949F-42F4-B2D3-28884EED3095}.Debug|Any CPU.ActiveCfg = Debug
		{56B224EF-949F-42F4-B2D3-28884EED3095}.Debug|Any CPU.Build.0 = Debug
		{56B224EF-949F-42F4-B2D3-28884EED3095}.Debug|x86.ActiveCfg = Debug
		{56B224EF-949F-42F4-B2D3-28884EED3095}.Debug|x86.Build.0 = Debug
		{56B224EF-949F-42F4-B2D3-28884EED3095}.DVD-5|Any CPU.ActiveCfg = Debug
		{56B224EF-949F-42F4-B2D3-28884EED3095}.DVD-5|Any CPU.Build.0 = Debug
		{56B224EF-949F-42F4-B2D3-28884EED3095}.DVD-5|x86.ActiveCfg = Debug
		{56B224EF-949F-42F4-B2D3-28884EED3095}.DVD-5|x86.Build.0 = Debug
		{56B224EF-949F-42F4-B2D3-28884EED3095}.Release|Any CPU.ActiveCfg = Release
		{56B224EF-949F-42F4-B2D3-28884EED3095}.Release|Any CPU.Build.0 = Release
		{56B224EF-949F-42F4-B2D3-28884EED3095}.Release|x86.ActiveCfg = Release
		{56B224EF-949F-42F4-B2D3-28884EED3095}.Release|x86.Build.0 = Release
		{56B224EF-949F-42F4-B2D3-28884EED3095}.SingleImage|Any CPU.ActiveCfg = Release
		{56B224EF-949F-42F4-B2D3-28884EED3095}.SingleImage|Any CPU.Build.0 = Release
		{56B224EF-949F-42F4-B2D3-28884EED3095}.SingleImage|x86.ActiveCfg = Release
		{56B224EF-949F-42F4-B2D3-28884EED3095}.SingleImage|x86.Build.0 = Release
		{557DB10F-6907-4B0A-876F-AB94785B5A21}.CD_ROM|Any CPU.ActiveCfg = Release|Any CPU
		{557DB10F-6907-4B0A-876F-AB94785B5A21}.CD_ROM|Any CPU.Build.0 = Release|Any CPU
		{557DB10F-6907-4B0A-876F-AB94785B5A21}.CD_ROM|x86.ActiveCfg = Release|Any CPU
		{557DB10F-6907-4B0A-876F-AB94785B5A21}.CD_ROM|x86.Build.0 = Release|Any CPU
		{557DB10F-6907-4B0A-876F-AB94785B5A21}.Debug|Any CPU.ActiveCfg = Debug|Any CPU
		{557DB10F-6907-4B0A-876F-AB94785B5A21}.Debug|Any CPU.Build.0 = Debug|Any CPU
		{557DB10F-6907-4B0A-876F-AB94785B5A21}.Debug|x86.ActiveCfg = Debug|Any CPU
		{557DB10F-6907-4B0A-876F-AB94785B5A21}.Debug|x86.Build.0 = Debug|Any CPU
		{557DB10F-6907-4B0A-876F-AB94785B5A21}.DVD-5|Any CPU.ActiveCfg = Debug|Any CPU
		{557DB10F-6907-4B0A-876F-AB94785B5A21}.DVD-5|Any CPU.Build.0 = Debug|Any CPU
		{557DB10F-6907-4B0A-876F-AB94785B5A21}.DVD-5|x86.ActiveCfg = Debug|Any CPU
		{557DB10F-6907-4B0A-876F-AB94785B5A21}.DVD-5|x86.Build.0 = Debug|Any CPU
		{557DB10F-6907-4B0A-876F-AB94785B5A21}.Release|Any CPU.ActiveCfg = Release|Any CPU
		{557DB10F-6907-4B0A-876F-AB94785B5A21}.Release|Any CPU.Build.0 = Release|Any CPU
		{557DB10F-6907-4B0A-876F-AB94785B5A21}.Release|x86.ActiveCfg = Release|Any CPU
		{557DB10F-6907-4B0A-876F-AB94785B5A21}.Release|x86.Build.0 = Release|Any CPU
		{557DB10F-6907-4B0A-876F-AB94785B5A21}.SingleImage|Any CPU.ActiveCfg = Release|Any CPU
		{557DB10F-6907-4B0A-876F-AB94785B5A21}.SingleImage|Any CPU.Build.0 = Release|Any CPU
		{557DB10F-6907-4B0A-876F-AB94785B5A21}.SingleImage|x86.ActiveCfg = Release|Any CPU
		{557DB10F-6907-4B0A-876F-AB94785B5A21}.SingleImage|x86.Build.0 = Release|Any CPU
		{6457B227-1116-4B81-AC8E-42354F884DFF}.CD_ROM|Any CPU.ActiveCfg = Release|Any CPU
		{6457B227-1116-4B81-AC8E-42354F884DFF}.CD_ROM|Any CPU.Build.0 = Release|Any CPU
		{6457B227-1116-4B81-AC8E-42354F884DFF}.CD_ROM|x86.ActiveCfg = Release|Any CPU
		{6457B227-1116-4B81-AC8E-42354F884DFF}.CD_ROM|x86.Build.0 = Release|Any CPU
		{6457B227-1116-4B81-AC8E-42354F884DFF}.Debug|Any CPU.ActiveCfg = Debug|Any CPU
		{6457B227-1116-4B81-AC8E-42354F884DFF}.Debug|Any CPU.Build.0 = Debug|Any CPU
		{6457B227-1116-4B81-AC8E-42354F884DFF}.Debug|x86.ActiveCfg = Debug|Any CPU
		{6457B227-1116-4B81-AC8E-42354F884DFF}.Debug|x86.Build.0 = Debug|Any CPU
		{6457B227-1116-4B81-AC8E-42354F884DFF}.DVD-5|Any CPU.ActiveCfg = Debug|Any CPU
		{6457B227-1116-4B81-AC8E-42354F884DFF}.DVD-5|Any CPU.Build.0 = Debug|Any CPU
		{6457B227-1116-4B81-AC8E-42354F884DFF}.DVD-5|x86.ActiveCfg = Debug|Any CPU
		{6457B227-1116-4B81-AC8E-42354F884DFF}.DVD-5|x86.Build.0 = Debug|Any CPU
		{6457B227-1116-4B81-AC8E-42354F884DFF}.Release|Any CPU.ActiveCfg = Release|Any CPU
		{6457B227-1116-4B81-AC8E-42354F884DFF}.Release|Any CPU.Build.0 = Release|Any CPU
		{6457B227-1116-4B81-AC8E-42354F884DFF}.Release|x86.ActiveCfg = Release|Any CPU
		{6457B227-1116-4B81-AC8E-42354F884DFF}.Release|x86.Build.0 = Release|Any CPU
		{6457B227-1116-4B81-AC8E-42354F884DFF}.SingleImage|Any CPU.ActiveCfg = Release|Any CPU
		{6457B227-1116-4B81-AC8E-42354F884DFF}.SingleImage|Any CPU.Build.0 = Release|Any CPU
		{6457B227-1116-4B81-AC8E-42354F884DFF}.SingleImage|x86.ActiveCfg = Release|Any CPU
		{6457B227-1116-4B81-AC8E-42354F884DFF}.SingleImage|x86.Build.0 = Release|Any CPU
	EndGlobalSection
	GlobalSection(SolutionProperties) = preSolution
		HideSolutionNode = FALSE
	EndGlobalSection
	GlobalSection(ExtensibilityGlobals) = postSolution
		VisualSVNWorkingCopyRoot = .
	EndGlobalSection
EndGlobal
